
Microsoft Visual Studio Solution File, Format Version 12.00
# Visual Studio Version 17
VisualStudioVersion = 17.0.31903.59
MinimumVisualStudioVersion = 10.0.40219.1
Project("{FAE04EC0-301F-11D3-BF4B-00C04F79EFBC}") = "LuYao.ResourcePacker", "LuYao.ResourcePacker\LuYao.ResourcePacker.csproj", "{D89C12E4-B148-4A58-B837-3B48E3F08F8C}"
EndProject
Project("{FAE04EC0-301F-11D3-BF4B-00C04F79EFBC}") = "LuYao.ResourcePacker.MSBuild", "LuYao.ResourcePacker.MSBuild\LuYao.ResourcePacker.MSBuild.csproj", "{F6D9E3B4-5A08-4A25-9C77-E6F48C3F4F1C}"
EndProject
Project("{FAE04EC0-301F-11D3-BF4B-00C04F79EFBC}") = "LuYao.ResourcePacker.Tests", "LuYao.ResourcePacker.Tests\LuYao.ResourcePacker.Tests.csproj", "{A73B12E4-B148-4A58-B837-3B48E3F08F8D}"
EndProject
Project("{2150E333-8FDC-42A3-9474-1A3956D46DE8}") = "examples", "examples", "{B36A84DF-456D-A817-6EDD-3EC3E7F6E11F}"
EndProject
Project("{FAE04EC0-301F-11D3-BF4B-00C04F79EFBC}") = "ExampleProject", "examples\ExampleProject\ExampleProject.csproj", "{B4FEF227-F9DB-4894-84D2-EB71A8C8C3AA}"
EndProject
Global
	GlobalSection(SolutionConfigurationPlatforms) = preSolution
		Debug|Any CPU = Debug|Any CPU
		Debug|x64 = Debug|x64
		Debug|x86 = Debug|x86
		Release|Any CPU = Release|Any CPU
		Release|x64 = Release|x64
		Release|x86 = Release|x86
	EndGlobalSection
	GlobalSection(ProjectConfigurationPlatforms) = postSolution
		{D89C12E4-B148-4A58-B837-3B48E3F08F8C}.Debug|Any CPU.ActiveCfg = Debug|Any CPU
		{D89C12E4-B148-4A58-B837-3B48E3F08F8C}.Debug|Any CPU.Build.0 = Debug|Any CPU
		{D89C12E4-B148-4A58-B837-3B48E3F08F8C}.Debug|x64.ActiveCfg = Debug|Any CPU
		{D89C12E4-B148-4A58-B837-3B48E3F08F8C}.Debug|x64.Build.0 = Debug|Any CPU
		{D89C12E4-B148-4A58-B837-3B48E3F08F8C}.Debug|x86.ActiveCfg = Debug|Any CPU
		{D89C12E4-B148-4A58-B837-3B48E3F08F8C}.Debug|x86.Build.0 = Debug|Any CPU
		{D89C12E4-B148-4A58-B837-3B48E3F08F8C}.Release|Any CPU.ActiveCfg = Release|Any CPU
		{D89C12E4-B148-4A58-B837-3B48E3F08F8C}.Release|Any CPU.Build.0 = Release|Any CPU
		{D89C12E4-B148-4A58-B837-3B48E3F08F8C}.Release|x64.ActiveCfg = Release|Any CPU
		{D89C12E4-B148-4A58-B837-3B48E3F08F8C}.Release|x64.Build.0 = Release|Any CPU
		{D89C12E4-B148-4A58-B837-3B48E3F08F8C}.Release|x86.ActiveCfg = Release|Any CPU
		{D89C12E4-B148-4A58-B837-3B48E3F08F8C}.Release|x86.Build.0 = Release|Any CPU
		{F6D9E3B4-5A08-4A25-9C77-E6F48C3F4F1C}.Debug|Any CPU.ActiveCfg = Debug|Any CPU
		{F6D9E3B4-5A08-4A25-9C77-E6F48C3F4F1C}.Debug|Any CPU.Build.0 = Debug|Any CPU
		{F6D9E3B4-5A08-4A25-9C77-E6F48C3F4F1C}.Debug|x64.ActiveCfg = Debug|Any CPU
		{F6D9E3B4-5A08-4A25-9C77-E6F48C3F4F1C}.Debug|x64.Build.0 = Debug|Any CPU
		{F6D9E3B4-5A08-4A25-9C77-E6F48C3F4F1C}.Debug|x86.ActiveCfg = Debug|Any CPU
		{F6D9E3B4-5A08-4A25-9C77-E6F48C3F4F1C}.Debug|x86.Build.0 = Debug|Any CPU
		{F6D9E3B4-5A08-4A25-9C77-E6F48C3F4F1C}.Release|Any CPU.ActiveCfg = Release|Any CPU
		{F6D9E3B4-5A08-4A25-9C77-E6F48C3F4F1C}.Release|Any CPU.Build.0 = Release|Any CPU
		{F6D9E3B4-5A08-4A25-9C77-E6F48C3F4F1C}.Release|x64.ActiveCfg = Release|Any CPU
		{F6D9E3B4-5A08-4A25-9C77-E6F48C3F4F1C}.Release|x64.Build.0 = Release|Any CPU
		{F6D9E3B4-5A08-4A25-9C77-E6F48C3F4F1C}.Release|x86.ActiveCfg = Release|Any CPU
		{F6D9E3B4-5A08-4A25-9C77-E6F48C3F4F1C}.Release|x86.Build.0 = Release|Any CPU
		{A73B12E4-B148-4A58-B837-3B48E3F08F8D}.Debug|Any CPU.ActiveCfg = Debug|Any CPU
		{A73B12E4-B148-4A58-B837-3B48E3F08F8D}.Debug|Any CPU.Build.0 = Debug|Any CPU
		{A73B12E4-B148-4A58-B837-3B48E3F08F8D}.Debug|x64.ActiveCfg = Debug|Any CPU
		{A73B12E4-B148-4A58-B837-3B48E3F08F8D}.Debug|x64.Build.0 = Debug|Any CPU
		{A73B12E4-B148-4A58-B837-3B48E3F08F8D}.Debug|x86.ActiveCfg = Debug|Any CPU
		{A73B12E4-B148-4A58-B837-3B48E3F08F8D}.Debug|x86.Build.0 = Debug|Any CPU
		{A73B12E4-B148-4A58-B837-3B48E3F08F8D}.Release|Any CPU.ActiveCfg = Release|Any CPU
		{A73B12E4-B148-4A58-B837-3B48E3F08F8D}.Release|Any CPU.Build.0 = Release|Any CPU
		{A73B12E4-B148-4A58-B837-3B48E3F08F8D}.Release|x64.ActiveCfg = Release|Any CPU
		{A73B12E4-B148-4A58-B837-3B48E3F08F8D}.Release|x64.Build.0 = Release|Any CPU
		{A73B12E4-B148-4A58-B837-3B48E3F08F8D}.Release|x86.ActiveCfg = Release|Any CPU
		{A73B12E4-B148-4A58-B837-3B48E3F08F8D}.Release|x86.Build.0 = Release|Any CPU
		{B4FEF227-F9DB-4894-84D2-EB71A8C8C3AA}.Debug|Any CPU.ActiveCfg = Debug|Any CPU
		{B4FEF227-F9DB-4894-84D2-EB71A8C8C3AA}.Debug|Any CPU.Build.0 = Debug|Any CPU
		{B4FEF227-F9DB-4894-84D2-EB71A8C8C3AA}.Debug|x64.ActiveCfg = Debug|Any CPU
		{B4FEF227-F9DB-4894-84D2-EB71A8C8C3AA}.Debug|x64.Build.0 = Debug|Any CPU
		{B4FEF227-F9DB-4894-84D2-EB71A8C8C3AA}.Debug|x86.ActiveCfg = Debug|Any CPU
		{B4FEF227-F9DB-4894-84D2-EB71A8C8C3AA}.Debug|x86.Build.0 = Debug|Any CPU
		{B4FEF227-F9DB-4894-84D2-EB71A8C8C3AA}.Release|Any CPU.ActiveCfg = Release|Any CPU
		{B4FEF227-F9DB-4894-84D2-EB71A8C8C3AA}.Release|Any CPU.Build.0 = Release|Any CPU
		{B4FEF227-F9DB-4894-84D2-EB71A8C8C3AA}.Release|x64.ActiveCfg = Release|Any CPU
		{B4FEF227-F9DB-4894-84D2-EB71A8C8C3AA}.Release|x64.Build.0 = Release|Any CPU
		{B4FEF227-F9DB-4894-84D2-EB71A8C8C3AA}.Release|x86.ActiveCfg = Release|Any CPU
		{B4FEF227-F9DB-4894-84D2-EB71A8C8C3AA}.Release|x86.Build.0 = Release|Any CPU
	EndGlobalSection
	GlobalSection(SolutionProperties) = preSolution
		HideSolutionNode = FALSE
	EndGlobalSection
	GlobalSection(NestedProjects) = preSolution
		{B4FEF227-F9DB-4894-84D2-EB71A8C8C3AA} = {B36A84DF-456D-A817-6EDD-3EC3E7F6E11F}
	EndGlobalSection
	GlobalSection(ExtensibilityGlobals) = postSolution
		SolutionGuid = {1234567A-1234-1234-1234-123456789ABC}
	EndGlobalSection
EndGlobal
